
Microsoft Visual Studio Solution File, Format Version 12.00
# Visual Studio Version 17
VisualStudioVersion = 17.4.33110.190
MinimumVisualStudioVersion = 10.0.40219.1
Project("{FAE04EC0-301F-11D3-BF4B-00C04F79EFBC}") = "PL", "PL\PL.csproj", "{88668D78-F7C1-4372-AF58-A9477F181F9B}"
EndProject
Project("{FAE04EC0-301F-11D3-BF4B-00C04F79EFBC}") = "ML", "ML\ML.csproj", "{FF5170FE-8EA3-4098-9D9E-733503E59AFA}"
EndProject
Project("{FAE04EC0-301F-11D3-BF4B-00C04F79EFBC}") = "DL", "DL\DL.csproj", "{43A706DE-DAA8-4087-84F6-256076FB2240}"
EndProject
Project("{FAE04EC0-301F-11D3-BF4B-00C04F79EFBC}") = "BL", "BL\BL.csproj", "{3DE65D3B-58B0-45CC-9081-AF0404674BB8}"
EndProject
Global
	GlobalSection(SolutionConfigurationPlatforms) = preSolution
		Debug|Any CPU = Debug|Any CPU
		Release|Any CPU = Release|Any CPU
	EndGlobalSection
	GlobalSection(ProjectConfigurationPlatforms) = postSolution
		{88668D78-F7C1-4372-AF58-A9477F181F9B}.Debug|Any CPU.ActiveCfg = Debug|Any CPU
		{88668D78-F7C1-4372-AF58-A9477F181F9B}.Debug|Any CPU.Build.0 = Debug|Any CPU
		{88668D78-F7C1-4372-AF58-A9477F181F9B}.Release|Any CPU.ActiveCfg = Release|Any CPU
		{88668D78-F7C1-4372-AF58-A9477F181F9B}.Release|Any CPU.Build.0 = Release|Any CPU
		{FF5170FE-8EA3-4098-9D9E-733503E59AFA}.Debug|Any CPU.ActiveCfg = Debug|Any CPU
		{FF5170FE-8EA3-4098-9D9E-733503E59AFA}.Debug|Any CPU.Build.0 = Debug|Any CPU
		{FF5170FE-8EA3-4098-9D9E-733503E59AFA}.Release|Any CPU.ActiveCfg = Release|Any CPU
		{FF5170FE-8EA3-4098-9D9E-733503E59AFA}.Release|Any CPU.Build.0 = Release|Any CPU
		{43A706DE-DAA8-4087-84F6-256076FB2240}.Debug|Any CPU.ActiveCfg = Debug|Any CPU
		{43A706DE-DAA8-4087-84F6-256076FB2240}.Debug|Any CPU.Build.0 = Debug|Any CPU
		{43A706DE-DAA8-4087-84F6-256076FB2240}.Release|Any CPU.ActiveCfg = Release|Any CPU
		{43A706DE-DAA8-4087-84F6-256076FB2240}.Release|Any CPU.Build.0 = Release|Any CPU
		{3DE65D3B-58B0-45CC-9081-AF0404674BB8}.Debug|Any CPU.ActiveCfg = Debug|Any CPU
		{3DE65D3B-58B0-45CC-9081-AF0404674BB8}.Debug|Any CPU.Build.0 = Debug|Any CPU
		{3DE65D3B-58B0-45CC-9081-AF0404674BB8}.Release|Any CPU.ActiveCfg = Release|Any CPU
		{3DE65D3B-58B0-45CC-9081-AF0404674BB8}.Release|Any CPU.Build.0 = Release|Any CPU
	EndGlobalSection
	GlobalSection(SolutionProperties) = preSolution
		HideSolutionNode = FALSE
	EndGlobalSection
	GlobalSection(ExtensibilityGlobals) = postSolution
		SolutionGuid = {0E4E45C6-B64B-4570-883B-F8A0DCDE3B77}
	EndGlobalSection
EndGlobal
